
Microsoft Visual Studio Solution File, Format Version 12.00
# Visual Studio Version 17
VisualStudioVersion = 17.7.34031.279
MinimumVisualStudioVersion = 10.0.40219.1
Project("{9A19103F-16F7-4668-BE54-9A1E7A4F7556}") = "Backoffice", "Backoffice.csproj", "{67932982-7BD9-4D83-974F-CAAB7689678C}"
EndProject
Project("{FAE04EC0-301F-11D3-BF4B-00C04F79EFBC}") = "Backend", "..\Backend\Backend\Backend.csproj", "{F0956F1C-18BF-43C5-9639-53CD28DF5C25}"
EndProject
Project("{2150E333-8FDC-42A3-9474-1A3956D46DE8}") = "Элементы решения", "Элементы решения", "{FB5FFF5F-1E42-434D-B479-F25F3E6B3BDE}"
	ProjectSection(SolutionItems) = preProject
		burger_logo.png = burger_logo.png
	EndProjectSection
EndProject
Global
	GlobalSection(SolutionConfigurationPlatforms) = preSolution
		Debug|Any CPU = Debug|Any CPU
		Release|Any CPU = Release|Any CPU
	EndGlobalSection
	GlobalSection(ProjectConfigurationPlatforms) = postSolution
		{67932982-7BD9-4D83-974F-CAAB7689678C}.Debug|Any CPU.ActiveCfg = Debug|Any CPU
		{67932982-7BD9-4D83-974F-CAAB7689678C}.Debug|Any CPU.Build.0 = Debug|Any CPU
		{67932982-7BD9-4D83-974F-CAAB7689678C}.Release|Any CPU.ActiveCfg = Release|Any CPU
		{67932982-7BD9-4D83-974F-CAAB7689678C}.Release|Any CPU.Build.0 = Release|Any CPU
		{F0956F1C-18BF-43C5-9639-53CD28DF5C25}.Debug|Any CPU.ActiveCfg = Debug|Any CPU
		{F0956F1C-18BF-43C5-9639-53CD28DF5C25}.Debug|Any CPU.Build.0 = Debug|Any CPU
		{F0956F1C-18BF-43C5-9639-53CD28DF5C25}.Release|Any CPU.ActiveCfg = Release|Any CPU
		{F0956F1C-18BF-43C5-9639-53CD28DF5C25}.Release|Any CPU.Build.0 = Release|Any CPU
	EndGlobalSection
	GlobalSection(SolutionProperties) = preSolution
		HideSolutionNode = FALSE
	EndGlobalSection
	GlobalSection(ExtensibilityGlobals) = postSolution
		SolutionGuid = {3ED43E8C-1B20-40CB-A9F2-AE3C4924A75B}
	EndGlobalSection
EndGlobal
